lockfileVersion: '9.0'

settings:
  autoInstallPeers: true
  excludeLinksFromLockfile: false

importers:

  .:
    dependencies:
      cambio:
        specifier: ^1.1.5
        version: 1.1.5(react-dom@19.2.5(react@19.2.5))
    devDependencies:
      '@sanity/prettier-config':
        specifier: ^3.0.0
        version: 3.0.0(prettier@3.8.3)
      npm-run-all2:
        specifier: ^5.0.2
        version: 5.0.2
      prettier:
        specifier: ^3.8.1
        version: 3.8.3

packages:

  '@babel/code-frame@7.29.0':
    resolution: {integrity: sha512-9NhCeYjq9+3uxgdtp20LSiJXJvN0FeCtNGpJxuMFZ1Kv3cWUNb6DOhJwUvcVCzKGR66cw4njwM6hrJLqgOwbcw==}
    engines: {node: '>=6.9.0'}

  '@babel/helper-validator-identifier@7.28.5':
    resolution: {integrity: sha512-qSs4ifwzKJSV39ucNjsvc6WVHs6b7S03sOh2OcHF9UHfVPqWWALUsNUVzhSBiItjRZoLHx7nIarVjqKVusUZ1Q==}
    engines: {node: '>=6.9.0'}

  '@babel/runtime@7.29.2':
    resolution: {integrity: sha512-JiDShH45zKHWyGe4ZNVRrCjBz8Nh9TMmZG1kh4QTK8hCBTWBi8Da+i7s1fJw7/lYpM4ccepSNfqzZ/QvABBi5g==}
    engines: {node: '>=6.9.0'}

  '@base-ui-components/react@1.0.0-beta.2':
    resolution: {integrity: sha512-jfAUfSgXvsfr8mQi7r/6gLG8U1Ybr77NN8WK5IXXM0c/hBvFDBtvUfwDJACV0gXiYbSKpA+dRzZz01V1tULobA==}
    engines: {node: '>=14.0.0'}
    deprecated: Package was renamed to @base-ui/react
    peerDependencies:
      '@types/react': ^17 || ^18 || ^19
      react: ^17 || ^18 || ^19
      react-dom: ^17 || ^18 || ^19
    peerDependenciesMeta:
      '@types/react':
        optional: true

  '@base-ui-components/utils@0.1.0':
    resolution: {integrity: sha512-9+uaWyF1o/PgXqHLJnC81IIG0HlV3o9eFCQ5hWZDMx5NHrFk0rrwqEFGQOB8lti/rnbxNPi+kYYw1D4e8xSn/Q==}
    deprecated: Package was renamed to @base-ui/utils
    peerDependencies:
      '@types/react': ^17 || ^18 || ^19
      react: ^17 || ^18 || ^19
      react-dom: ^17 || ^18 || ^19
    peerDependenciesMeta:
      '@types/react':
        optional: true

  '@floating-ui/core@1.7.5':
    resolution: {integrity: sha512-1Ih4WTWyw0+lKyFMcBHGbb5U5FtuHJuujoyyr5zTaWS5EYMeT6Jb2AuDeftsCsEuchO+mM2ij5+q9crhydzLhQ==}

  '@floating-ui/dom@1.7.6':
    resolution: {integrity: sha512-9gZSAI5XM36880PPMm//9dfiEngYoC6Am2izES1FF406YFsjvyBMmeJ2g4SAju3xWwtuynNRFL2s9hgxpLI5SQ==}

  '@floating-ui/react-dom@2.1.8':
    resolution: {integrity: sha512-cC52bHwM/n/CxS87FH0yWdngEZrjdtLW/qVruo68qg+prK7ZQ4YGdut2GyDVpoGeAYe/h899rVeOVm6Oi40k2A==}
    peerDependencies:
      react: '>=16.8.0'
      react-dom: '>=16.8.0'

  '@floating-ui/utils@0.2.11':
    resolution: {integrity: sha512-RiB/yIh78pcIxl6lLMG0CgBXAZ2Y0eVHqMPYugu+9U0AeT6YBeiJpf7lbdJNIugFP5SIjwNRgo4DhR1Qxi26Gg==}

  '@sanity/prettier-config@3.0.0':
    resolution: {integrity: sha512-xEfjbEzn1nIVcwlSKeXST+4wkqLevX9pq1jx3w5bUF51ku/EJFxAqlRGpBQghjwZPZbq0mQ9FAglgaB+k3/J5Q==}
    peerDependencies:
      prettier: ^3.7.3

  '@types/normalize-package-data@2.4.4':
    resolution: {integrity: sha512-37i+OaWTh9qeK4LSHPsyRC7NahnGotNuZvjLSgcPzblpHB3rrCJxAOgI5gCdKm7coonsaX1Of0ILiTcnZjbfxA==}

  '@types/react@19.2.14':
    resolution: {integrity: sha512-ilcTH/UniCkMdtexkoCN0bI7pMcJDvmQFPvuPvmEaYA/NSfFTAgdUSLAoVjaRJm7+6PvcM+q1zYOwS4wTYMF9w==}

  ansi-styles@5.2.0:
    resolution: {integrity: sha512-Cxwpt2SfTzTtXcfOlzGEee8O+c+MmUgGrNiBcXnuWxuFJHe6a5Hz7qwhwe5OgaSYI0IJvkLqWX1ASG+cJOkEiA==}
    engines: {node: '>=10'}

  balanced-match@1.0.2:
    resolution: {integrity: sha512-3oSeUO0TMV67hN1AmbXsK4yaqU7tjiHlbxRDZOpH0KW9+CeX4bRAaX0Anxt0tx2MrpRpWwQaPwIlISEJhYU5Pw==}

  brace-expansion@1.1.14:
    resolution: {integrity: sha512-MWPGfDxnyzKU7rNOW9SP/c50vi3xrmrua/+6hfPbCS2ABNWfx24vPidzvC7krjU/RTo235sV776ymlsMtGKj8g==}

  cambio@1.1.5:
    resolution: {integrity: sha512-9eWEw9JRjlE14E7w2HDAa9ULKvCr32/hdOY/tvLUmkXzy34bPjYk/olLSuHsCU/WySwyz090oav95xm+9EGQRg==}
    engines: {node: '>=18'}

  concat-map@0.0.1:
    resolution: {integrity: sha512-/Srv4dswyQNBfohGpz9o6Yb3Gz3SrUDqBH5rTuhGR7ahtlbYKnVxw2bCFMRljaA7EXHaXZ8wsHdodFvbkhKmqg==}

  cross-spawn@7.0.6:
    resolution: {integrity: sha512-uV2QOWP2nWzsy2aMp8aRibhi9dlzF5Hgh5SHaB9OiTGEyDTiJJyx0uy51QXdyWbtAHNua4XJzUKca3OzKUd3vA==}
    engines: {node: '>= 8'}

  csstype@3.2.3:
    resolution: {integrity: sha512-z1HGKcYy2xA8AGQfwrn0PAy+PB7X/GSj3UVJW9qKyn43xWa+gl5nXmU4qqLMRzWVLFC8KusUX8T/0kCiOYpAIQ==}

  detect-indent@7.0.2:
    resolution: {integrity: sha512-y+8xyqdGLL+6sh0tVeHcfP/QDd8gUgbasolJJpY7NgeQGSZ739bDtSiaiDgtoicy+mtYB81dKLxO9xRhCyIB3A==}
    engines: {node: '>=12.20'}

  detect-newline@4.0.1:
    resolution: {integrity: sha512-qE3Veg1YXzGHQhlA6jzebZN2qVf6NX+A7m7qlhCGG30dJixrAQhYOsJjsnBjJkCSmuOPpCk30145fr8FV0bzog==}
    engines: {node: ^12.20.0 || ^14.13.1 || >=16.0.0}

  error-ex@1.3.4:
    resolution: {integrity: sha512-sqQamAnR14VgCr1A618A3sGrygcpK+HEbenA/HiEAkkUwcZIIB/tgWqHFxWgOyDh4nB4JCRimh79dR5Ywc9MDQ==}

  es-errors@1.3.0:
    resolution: {integrity: sha512-Zf5H2Kxt2xjTvbJvP2ZWLEICxA6j+hAmMzIlypy4xcBg1vKVnx89Wy0GbS+kf5cwCVFFzdCFh2XSCFNULS6csw==}
    engines: {node: '>= 0.4'}

  fdir@6.5.0:
    resolution: {integrity: sha512-tIbYtZbucOs0BRGqPJkshJUYdL+SDH7dVM8gjy+ERp3WAUjLEFJE+02kanyHtwjWOnwrKYBiwAmM0p4kLJAnXg==}
    engines: {node: '>=12.0.0'}
    peerDependencies:
      picomatch: ^3 || ^4
    peerDependenciesMeta:
      picomatch:
        optional: true

  framer-motion@12.38.0:
    resolution: {integrity: sha512-rFYkY/pigbcswl1XQSb7q424kSTQ8q6eAC+YUsSKooHQYuLdzdHjrt6uxUC+PRAO++q5IS7+TamgIw1AphxR+g==}
    peerDependencies:
      '@emotion/is-prop-valid': '*'
      react: ^18.0.0 || ^19.0.0
      react-dom: ^18.0.0 || ^19.0.0
    peerDependenciesMeta:
      '@emotion/is-prop-valid':
        optional: true
      react:
        optional: true
      react-dom:
        optional: true

  function-bind@1.1.2:
    resolution: {integrity: sha512-7XHNxH7qX9xG5mIwxkhumTox/MIRNcOgDrxWsMt2pAr23WHp6MrRlN7FBSFpCpr+oVO0F744iUgR82nJMfG2SA==}

  git-hooks-list@4.2.1:
    resolution: {integrity: sha512-WNvqJjOxxs/8ZP9+DWdwWJ7cDsd60NHf39XnD82pDVrKO5q7xfPqpkK6hwEAmBa/ZSEE4IOoR75EzbbIuwGlMw==}

  hasown@2.0.3:
    resolution: {integrity: sha512-ej4AhfhfL2Q2zpMmLo7U1Uv9+PyhIZpgQLGT1F9miIGmiCJIoCgSmczFdrc97mWT4kVY72KA+WnnhJ5pghSvSg==}
    engines: {node: '>= 0.4'}

  hosted-git-info@2.8.9:
    resolution: {integrity: sha512-mxIDAb9Lsm6DoOJ7xH+5+X4y1LU/4Hi50L9C5sIswK3JzULS4bwk1FvjdBgvYR4bzT4tuUQiC15FE2f5HbLvYw==}

  is-arrayish@0.2.1:
    resolution: {integrity: sha512-zz06S8t0ozoDXMG+ube26zeCTNXcKIPJZJi8hBrF4idCLms4CG9QtK7qBl1boi5ODzFpjswb5JPmHCbMpjaYzg==}

  is-core-module@2.16.1:
    resolution: {integrity: sha512-UfoeMA6fIJ8wTYFEUjelnaGI67v6+N7qXJEvQuIGa99l4xsCruSYOVSQ0uPANn4dAzm8lkYPaKLrrijLq7x23w==}
    engines: {node: '>= 0.4'}

  is-plain-obj@4.1.0:
    resolution: {integrity: sha512-+Pgi+vMuUNkJyExiMBt5IlFoMyKnr5zhJ4Uspz58WOhBF5QoIZkFyNHIbBAtHwzVAgk5RtndVNsDRN61/mmDqg==}
    engines: {node: '>=12'}

  isexe@2.0.0:
    resolution: {integrity: sha512-RHxMLp9lnKHGHRng9QFhRCMbYAcVpn69smSGcq3f36xjgVVWThj4qqLbTLlq7Ssj8B+fIQ1EuCEGI2lKsyQeIw==}

  js-tokens@4.0.0:
    resolution: {integrity: sha512-RdJUflcE3cUzKiMqQgsCu06FPu9UdIJO0beYbPhHN4k6apgJtifcoCtT9bcxOpYBtpD2kCM6Sbzg4CausW/PKQ==}

  json-parse-even-better-errors@2.3.1:
    resolution: {integrity: sha512-xyFwyhro/JEof6Ghe2iz2NcXoj2sloNsWr/XsERDK/oiPCfaNhl5ONfp+jQdAZRQQ0IJWNzH9zIZF7li91kh2w==}

  lines-and-columns@1.2.4:
    resolution: {integrity: sha512-7ylylesZQ/PV29jhEDl3Ufjo6ZX7gCqJr5F7PKrqc93v7fzSymt1BpwEU8nAUXs8qzzvqhbjhK5QZg6Mt/HkBg==}

  memorystream@0.3.1:
    resolution: {integrity: sha512-S3UwM3yj5mtUSEfP41UZmt/0SCoVYUcU1rkXv+BQ5Ig8ndL4sPoJNBUJERafdPb5jjHJGuMgytgKvKIf58XNBw==}
    engines: {node: '>= 0.10.0'}

  minimatch@3.1.5:
    resolution: {integrity: sha512-VgjWUsnnT6n+NUk6eZq77zeFdpW2LWDzP6zFGrCbHXiYNul5Dzqk2HHQ5uFH2DNW5Xbp8+jVzaeNt94ssEEl4w==}

  motion-dom@12.38.0:
    resolution: {integrity: sha512-pdkHLD8QYRp8VfiNLb8xIBJis1byQ9gPT3Jnh2jqfFtAsWUA3dEepDlsWe/xMpO8McV+VdpKVcp+E+TGJEtOoA==}

  motion-utils@12.36.0:
    resolution: {integrity: sha512-eHWisygbiwVvf6PZ1vhaHCLamvkSbPIeAYxWUuL3a2PD/TROgE7FvfHWTIH4vMl798QLfMw15nRqIaRDXTlYRg==}

  motion@12.38.0:
    resolution: {integrity: sha512-uYfXzeHlgThchzwz5Te47dlv5JOUC7OB4rjJ/7XTUgtBZD8CchMN8qEJ4ZVsUmTyYA44zjV0fBwsiktRuFnn+w==}
    peerDependencies:
      '@emotion/is-prop-valid': '*'
      react: ^18.0.0 || ^19.0.0
      react-dom: ^18.0.0 || ^19.0.0
    peerDependenciesMeta:
      '@emotion/is-prop-valid':
        optional: true
      react:
        optional: true
      react-dom:
        optional: true

  normalize-package-data@2.5.0:
    resolution: {integrity: sha512-/5CMN3T0R4XTj4DcGaexo+roZSdSFW/0AOOTROrjxzCG1wrWXEsGbRKevjlIL+ZDE4sZlJr5ED4YW0yqmkK+eA==}

  npm-run-all2@5.0.2:
    resolution: {integrity: sha512-S2G6FWZ3pNWAAKm2PFSOtEAG/N+XO/kz3+9l6V91IY+Y3XFSt7Lp7DV92KCgEboEW0hRTu0vFaMe4zXDZYaOyA==}
    engines: {node: '>= 10'}
    hasBin: true

  parse-json@5.2.0:
    resolution: {integrity: sha512-ayCKvm/phCGxOkYRSCM82iDwct8/EonSEgCSxWxD7ve6jHggsFl4fZVQBPRNgQoKiuV/odhFrGzQXZwbifC8Rg==}
    engines: {node: '>=8'}

  path-key@3.1.1:
    resolution: {integrity: sha512-ojmeN0qd+y0jszEtoY48r0Peq5dwMEkIlCOu6Q5f41lfkswXuKtYrhgoTpLnyIcHm24Uhqx+5Tqm2InSwLhE6Q==}
    engines: {node: '>=8'}

  path-parse@1.0.7:
    resolution: {integrity: sha512-LDJzPVEEEPR+y48z93A0Ed0yXb8pAByGWo/k5YYdYgpY2/2EsOsksJrq7lOHxryrVOn1ejG6oAp8ahvOIQD8sw==}

  picocolors@1.1.1:
    resolution: {integrity: sha512-xceH2snhtb5M9liqDsmEw56le376mTZkEX/jEb/RxNFyegNul7eNslCXP9FDj/Lcu0X8KEyMceP2ntpaHrDEVA==}

  picomatch@4.0.4:
    resolution: {integrity: sha512-QP88BAKvMam/3NxH6vj2o21R6MjxZUAd6nlwAS/pnGvN9IVLocLHxGYIzFhg6fUQ+5th6P4dv4eW9jX3DSIj7A==}
    engines: {node: '>=12'}

  pidtree@0.5.0:
    resolution: {integrity: sha512-9nxspIM7OpZuhBxPg73Zvyq7j1QMPMPsGKTqRc2XOaFQauDvoNz9fM1Wdkjmeo7l9GXOZiRs97sPkuayl39wjA==}
    engines: {node: '>=0.10'}
    hasBin: true

  prettier-plugin-packagejson@2.5.22:
    resolution: {integrity: sha512-G6WalmoUssKF8ZXkni0+n4324K+gG143KPysSQNW+FrR0XyNb3BdRxchGC/Q1FE/F702p7/6KU7r4mv0WSWbzA==}
    peerDependencies:
      prettier: '>= 1.16.0'
    peerDependenciesMeta:
      prettier:
        optional: true

  prettier@3.8.3:
    resolution: {integrity: sha512-7igPTM53cGHMW8xWuVTydi2KO233VFiTNyF5hLJqpilHfmn8C8gPf+PS7dUT64YcXFbiMGZxS9pCSxL/Dxm/Jw==}
    engines: {node: '>=14'}
    hasBin: true

  react-dom@19.2.5:
    resolution: {integrity: sha512-J5bAZz+DXMMwW/wV3xzKke59Af6CHY7G4uYLN1OvBcKEsWOs4pQExj86BBKamxl/Ik5bx9whOrvBlSDfWzgSag==}
    peerDependencies:
      react: ^19.2.5

  react@19.2.5:
    resolution: {integrity: sha512-llUJLzz1zTUBrskt2pwZgLq59AemifIftw4aB7JxOqf1HY2FDaGDxgwpAPVzHU1kdWabH7FauP4i1oEeer2WCA==}
    engines: {node: '>=0.10.0'}

  read-pkg@5.2.0:
    resolution: {integrity: sha512-Ug69mNOpfvKDAc2Q8DRpMjjzdtrnv9HcSMX+4VsZxD1aZ6ZzrIE7rlzXBtWTyhULSMKg076AW6WR5iZpD0JiOg==}
    engines: {node: '>=8'}

  reselect@5.1.1:
    resolution: {integrity: sha512-K/BG6eIky/SBpzfHZv/dd+9JBFiS4SWV7FIujVyJRux6e45+73RaUHXLmIR1f7WOMaQ0U1km6qwklRQxpJJY0w==}

  resolve@1.22.12:
    resolution: {integrity: sha512-TyeJ1zif53BPfHootBGwPRYT1RUt6oGWsaQr8UyZW/eAm9bKoijtvruSDEmZHm92CwS9nj7/fWttqPCgzep8CA==}
    engines: {node: '>= 0.4'}
    hasBin: true

  scheduler@0.27.0:
    resolution: {integrity: sha512-eNv+WrVbKu1f3vbYJT/xtiF5syA5HPIMtf9IgY/nKg0sWqzAUEvqY/xm7OcZc/qafLx/iO9FgOmeSAp4v5ti/Q==}

  semver@5.7.2:
    resolution: {integrity: sha512-cBznnQ9KjJqU67B52RMC65CMarK2600WFnbkcaiwWq3xy/5haFJlshgnpjovMVJ+Hff49d8GEn0b87C5pDQ10g==}
    hasBin: true

  semver@7.7.4:
    resolution: {integrity: sha512-vFKC2IEtQnVhpT78h1Yp8wzwrf8CM+MzKMHGJZfBtzhZNycRFnXsHk6E5TxIkkMsgNS7mdX3AGB7x2QM2di4lA==}
    engines: {node: '>=10'}
    hasBin: true

  shebang-command@2.0.0:
    resolution: {integrity: sha512-kHxr2zZpYtdmrN1qDjrrX/Z1rR1kG8Dx+gkpK1G4eXmvXswmcE1hTWBWYUzlraYw1/yZp6YuDY77YtvbN0dmDA==}
    engines: {node: '>=8'}

  shebang-regex@3.0.0:
    resolution: {integrity: sha512-7++dFhtcx3353uBaq8DDR4NuxBetBzC7ZQOhmTQInHEd6bSrXdiEyzCvG07Z44UYdLShWUyXt5M/yhz8ekcb1A==}
    engines: {node: '>=8'}

  shell-quote@1.8.3:
    resolution: {integrity: sha512-ObmnIF4hXNg1BqhnHmgbDETF8dLPCggZWBjkQfhZpbszZnYur5DUljTcCHii5LC3J5E0yeO/1LIMyH+UvHQgyw==}
    engines: {node: '>= 0.4'}

  sort-object-keys@2.1.0:
    resolution: {integrity: sha512-SOiEnthkJKPv2L6ec6HMwhUcN0/lppkeYuN1x63PbyPRrgSPIuBJCiYxYyvWRTtjMlOi14vQUCGUJqS6PLVm8g==}

  sort-package-json@3.6.0:
    resolution: {integrity: sha512-fyJsPLhWvY7u2KsKPZn1PixbXp+1m7V8NWqU8CvgFRbMEX41Ffw1kD8n0CfJiGoaSfoAvbrqRRl/DcHO8omQOQ==}
    engines: {node: '>=20'}
    hasBin: true

  spdx-correct@3.2.0:
    resolution: {integrity: sha512-kN9dJbvnySHULIluDHy32WHRUu3Og7B9sbY7tsFLctQkIqnMh3hErYgdMjTYuqmcXX+lK5T1lnUt3G7zNswmZA==}

  spdx-exceptions@2.5.0:
    resolution: {integrity: sha512-PiU42r+xO4UbUS1buo3LPJkjlO7430Xn5SVAhdpzzsPHsjbYVflnnFdATgabnLude+Cqu25p6N+g2lw/PFsa4w==}

  spdx-expression-parse@3.0.1:
    resolution: {integrity: sha512-cbqHunsQWnJNE6KhVSMsMeH5H/L9EpymbzqTQ3uLwNCLZ1Q481oWaofqH7nO6V07xlXwY6PhQdQ2IedWx/ZK4Q==}

  spdx-license-ids@3.0.23:
    resolution: {integrity: sha512-CWLcCCH7VLu13TgOH+r8p1O/Znwhqv/dbb6lqWy67G+pT1kHmeD/+V36AVb/vq8QMIQwVShJ6Ssl5FPh0fuSdw==}

  supports-preserve-symlinks-flag@1.0.0:
    resolution: {integrity: sha512-ot0WnXS9fgdkgIcePe6RHNk1WA8+muPa6cSjeR3V8K27q9BB1rTE3R1p7Hv0z1ZyAc8s6Vvv8DIyWf681MAt0w==}
    engines: {node: '>= 0.4'}

  tabbable@6.4.0:
    resolution: {integrity: sha512-05PUHKSNE8ou2dwIxTngl4EzcnsCDZGJ/iCLtDflR/SHB/ny14rXc+qU5P4mG9JkusiV7EivzY9Mhm55AzAvCg==}

  tinyglobby@0.2.16:
    resolution: {integrity: sha512-pn99VhoACYR8nFHhxqix+uvsbXineAasWm5ojXoN8xEwK5Kd3/TrhNn1wByuD52UxWRLy8pu+kRMniEi6Eq9Zg==}
    engines: {node: '>=12.0.0'}

  tslib@2.8.1:
    resolution: {integrity: sha512-oJFu94HQb+KVduSUQL7wnpmqnfmLsOA/nAh6b6EH0wCEoK0/mPeXU6c3wKDV83MkOuHPRHtSXKKU99IBazS/2w==}

  type-fest@0.6.0:
    resolution: {integrity: sha512-q+MB8nYR1KDLrgr4G5yemftpMC7/QLqVndBmEEdqzmNj5dcFOO4Oo8qlwZE3ULT3+Zim1F8Kq4cBnikNhlCMlg==}
    engines: {node: '>=8'}

  use-sync-external-store@1.6.0:
    resolution: {integrity: sha512-Pp6GSwGP/NrPIrxVFAIkOQeyw8lFenOHijQWkUTrDvrF4ALqylP2C/KCkeS9dpUM3KvYRQhna5vt7IL95+ZQ9w==}
    peerDependencies:
      react: ^16.8.0 || ^17.0.0 || ^18.0.0 || ^19.0.0

  validate-npm-package-license@3.0.4:
    resolution: {integrity: sha512-DpKm2Ui/xN7/HQKCtpZxoRWBhZ9Z0kqtygG8XCgNQ8ZlDnxuQmWhj566j8fN4Cu3/JmbhsDo7fcAJq4s9h27Ew==}

  which@2.0.2:
    resolution: {integrity: sha512-BLI3Tl1TW3Pvl70l3yq3Y64i+awpwXqsGBYWkkqMtnbXgrMD+yj7rhW0kuEDxzJaYXGjEW5ogapKNMEKNMjibA==}
    engines: {node: '>= 8'}
    hasBin: true

snapshots:

  '@babel/code-frame@7.29.0':
    dependencies:
      '@babel/helper-validator-identifier': 7.28.5
      js-tokens: 4.0.0
      picocolors: 1.1.1

  '@babel/helper-validator-identifier@7.28.5': {}

  '@babel/runtime@7.29.2': {}

  '@base-ui-components/react@1.0.0-beta.2(@types/react@19.2.14)(react-dom@19.2.5(react@19.2.5))(react@19.2.5)':
    dependencies:
      '@babel/runtime': 7.29.2
      '@base-ui-components/utils': 0.1.0(@types/react@19.2.14)(react-dom@19.2.5(react@19.2.5))(react@19.2.5)
      '@floating-ui/react-dom': 2.1.8(react-dom@19.2.5(react@19.2.5))(react@19.2.5)
      '@floating-ui/utils': 0.2.11
      react: 19.2.5
      react-dom: 19.2.5(react@19.2.5)
      reselect: 5.1.1
      tabbable: 6.4.0
      use-sync-external-store: 1.6.0(react@19.2.5)
    optionalDependencies:
      '@types/react': 19.2.14

  '@base-ui-components/utils@0.1.0(@types/react@19.2.14)(react-dom@19.2.5(react@19.2.5))(react@19.2.5)':
    dependencies:
      '@babel/runtime': 7.29.2
      '@floating-ui/utils': 0.2.11
      react: 19.2.5
      react-dom: 19.2.5(react@19.2.5)
      reselect: 5.1.1
      use-sync-external-store: 1.6.0(react@19.2.5)
    optionalDependencies:
      '@types/react': 19.2.14

  '@floating-ui/core@1.7.5':
    dependencies:
      '@floating-ui/utils': 0.2.11

  '@floating-ui/dom@1.7.6':
    dependencies:
      '@floating-ui/core': 1.7.5
      '@floating-ui/utils': 0.2.11

  '@floating-ui/react-dom@2.1.8(react-dom@19.2.5(react@19.2.5))(react@19.2.5)':
    dependencies:
      '@floating-ui/dom': 1.7.6
      react: 19.2.5
      react-dom: 19.2.5(react@19.2.5)

  '@floating-ui/utils@0.2.11': {}

  '@sanity/prettier-config@3.0.0(prettier@3.8.3)':
    dependencies:
      prettier: 3.8.3
      prettier-plugin-packagejson: 2.5.22(prettier@3.8.3)

  '@types/normalize-package-data@2.4.4': {}

  '@types/react@19.2.14':
    dependencies:
      csstype: 3.2.3

  ansi-styles@5.2.0: {}

  balanced-match@1.0.2: {}

  brace-expansion@1.1.14:
    dependencies:
      balanced-match: 1.0.2
      concat-map: 0.0.1

  cambio@1.1.5(react-dom@19.2.5(react@19.2.5)):
    dependencies:
      '@base-ui-components/react': 1.0.0-beta.2(@types/react@19.2.14)(react-dom@19.2.5(react@19.2.5))(react@19.2.5)
      '@types/react': 19.2.14
      motion: 12.38.0(react-dom@19.2.5(react@19.2.5))(react@19.2.5)
      react: 19.2.5
    transitivePeerDependencies:
      - '@emotion/is-prop-valid'
      - react-dom

  concat-map@0.0.1: {}

  cross-spawn@7.0.6:
    dependencies:
      path-key: 3.1.1
      shebang-command: 2.0.0
      which: 2.0.2

  csstype@3.2.3: {}

  detect-indent@7.0.2: {}

  detect-newline@4.0.1: {}

  error-ex@1.3.4:
    dependencies:
      is-arrayish: 0.2.1

  es-errors@1.3.0: {}

  fdir@6.5.0(picomatch@4.0.4):
    optionalDependencies:
      picomatch: 4.0.4

  framer-motion@12.38.0(react-dom@19.2.5(react@19.2.5))(react@19.2.5):
    dependencies:
      motion-dom: 12.38.0
      motion-utils: 12.36.0
      tslib: 2.8.1
    optionalDependencies:
      react: 19.2.5
      react-dom: 19.2.5(react@19.2.5)

  function-bind@1.1.2: {}

  git-hooks-list@4.2.1: {}

  hasown@2.0.3:
    dependencies:
      function-bind: 1.1.2

  hosted-git-info@2.8.9: {}

  is-arrayish@0.2.1: {}

  is-core-module@2.16.1:
    dependencies:
      hasown: 2.0.3

  is-plain-obj@4.1.0: {}

  isexe@2.0.0: {}

  js-tokens@4.0.0: {}

  json-parse-even-better-errors@2.3.1: {}

  lines-and-columns@1.2.4: {}

  memorystream@0.3.1: {}

  minimatch@3.1.5:
    dependencies:
      brace-expansion: 1.1.14

  motion-dom@12.38.0:
    dependencies:
      motion-utils: 12.36.0

  motion-utils@12.36.0: {}

  motion@12.38.0(react-dom@19.2.5(react@19.2.5))(react@19.2.5):
    dependencies:
      framer-motion: 12.38.0(react-dom@19.2.5(react@19.2.5))(react@19.2.5)
      tslib: 2.8.1
    optionalDependencies:
      react: 19.2.5
      react-dom: 19.2.5(react@19.2.5)

  normalize-package-data@2.5.0:
    dependencies:
      hosted-git-info: 2.8.9
      resolve: 1.22.12
      semver: 5.7.2
      validate-npm-package-license: 3.0.4

  npm-run-all2@5.0.2:
    dependencies:
      ansi-styles: 5.2.0
      cross-spawn: 7.0.6
      memorystream: 0.3.1
      minimatch: 3.1.5
      pidtree: 0.5.0
      read-pkg: 5.2.0
      shell-quote: 1.8.3

  parse-json@5.2.0:
    dependencies:
      '@babel/code-frame': 7.29.0
      error-ex: 1.3.4
      json-parse-even-better-errors: 2.3.1
      lines-and-columns: 1.2.4

  path-key@3.1.1: {}

  path-parse@1.0.7: {}

  picocolors@1.1.1: {}

  picomatch@4.0.4: {}

  pidtree@0.5.0: {}

  prettier-plugin-packagejson@2.5.22(prettier@3.8.3):
    dependencies:
      sort-package-json: 3.6.0
    optionalDependencies:
      prettier: 3.8.3

  prettier@3.8.3: {}

  react-dom@19.2.5(react@19.2.5):
    dependencies:
      react: 19.2.5
      scheduler: 0.27.0

  react@19.2.5: {}

  read-pkg@5.2.0:
    dependencies:
      '@types/normalize-package-data': 2.4.4
      normalize-package-data: 2.5.0
      parse-json: 5.2.0
      type-fest: 0.6.0

  reselect@5.1.1: {}

  resolve@1.22.12:
    dependencies:
      es-errors: 1.3.0
      is-core-module: 2.16.1
      path-parse: 1.0.7
      supports-preserve-symlinks-flag: 1.0.0

  scheduler@0.27.0: {}

  semver@5.7.2: {}

  semver@7.7.4: {}

  shebang-command@2.0.0:
    dependencies:
      shebang-regex: 3.0.0

  shebang-regex@3.0.0: {}

  shell-quote@1.8.3: {}

  sort-object-keys@2.1.0: {}

  sort-package-json@3.6.0:
    dependencies:
      detect-indent: 7.0.2
      detect-newline: 4.0.1
      git-hooks-list: 4.2.1
      is-plain-obj: 4.1.0
      semver: 7.7.4
      sort-object-keys: 2.1.0
      tinyglobby: 0.2.16

  spdx-correct@3.2.0:
    dependencies:
      spdx-expression-parse: 3.0.1
      spdx-license-ids: 3.0.23

  spdx-exceptions@2.5.0: {}

  spdx-expression-parse@3.0.1:
    dependencies:
      spdx-exceptions: 2.5.0
      spdx-license-ids: 3.0.23

  spdx-license-ids@3.0.23: {}

  supports-preserve-symlinks-flag@1.0.0: {}

  tabbable@6.4.0: {}

  tinyglobby@0.2.16:
    dependencies:
      fdir: 6.5.0(picomatch@4.0.4)
      picomatch: 4.0.4

  tslib@2.8.1: {}

  type-fest@0.6.0: {}

  use-sync-external-store@1.6.0(react@19.2.5):
    dependencies:
      react: 19.2.5

  validate-npm-package-license@3.0.4:
    dependencies:
      spdx-correct: 3.2.0
      spdx-expression-parse: 3.0.1

  which@2.0.2:
    dependencies:
      isexe: 2.0.0
